
Microsoft Visual Studio Solution File, Format Version 12.00
# Visual Studio Version 17
VisualStudioVersion = 17.9.34723.18
MinimumVisualStudioVersion = 10.0.40219.1
Project("{9A19103F-16F7-4668-BE54-9A1E7A4F7556}") = "ExampleWeb", "ExampleWeb.csproj", "{39BFDCAD-BB78-43BE-B870-9E6B2C26F786}"
EndProject
Project("{FAE04EC0-301F-11D3-BF4B-00C04F79EFBC}") = "ExampleAPI", "..\ExampleAPI\ExampleAPI.csproj", "{3FEF9A15-96AE-4173-B6EC-3EF3EA6B5907}"
EndProject
Global
	GlobalSection(SolutionConfigurationPlatforms) = preSolution
		Debug|Any CPU = Debug|Any CPU
		Qa|Any CPU = Qa|Any CPU
		Release|Any CPU = Release|Any CPU
	EndGlobalSection
	GlobalSection(ProjectConfigurationPlatforms) = postSolution
		{39BFDCAD-BB78-43BE-B870-9E6B2C26F786}.Debug|Any CPU.ActiveCfg = Debug|Any CPU
		{39BFDCAD-BB78-43BE-B870-9E6B2C26F786}.Debug|Any CPU.Build.0 = Debug|Any CPU
		{39BFDCAD-BB78-43BE-B870-9E6B2C26F786}.Qa|Any CPU.ActiveCfg = Qa|Any CPU
		{39BFDCAD-BB78-43BE-B870-9E6B2C26F786}.Qa|Any CPU.Build.0 = Qa|Any CPU
		{39BFDCAD-BB78-43BE-B870-9E6B2C26F786}.Release|Any CPU.ActiveCfg = Release|Any CPU
		{39BFDCAD-BB78-43BE-B870-9E6B2C26F786}.Release|Any CPU.Build.0 = Release|Any CPU
		{3FEF9A15-96AE-4173-B6EC-3EF3EA6B5907}.Debug|Any CPU.ActiveCfg = Debug|Any CPU
		{3FEF9A15-96AE-4173-B6EC-3EF3EA6B5907}.Debug|Any CPU.Build.0 = Debug|Any CPU
		{3FEF9A15-96AE-4173-B6EC-3EF3EA6B5907}.Qa|Any CPU.ActiveCfg = Debug|Any CPU
		{3FEF9A15-96AE-4173-B6EC-3EF3EA6B5907}.Qa|Any CPU.Build.0 = Debug|Any CPU
		{3FEF9A15-96AE-4173-B6EC-3EF3EA6B5907}.Release|Any CPU.ActiveCfg = Release|Any CPU
		{3FEF9A15-96AE-4173-B6EC-3EF3EA6B5907}.Release|Any CPU.Build.0 = Release|Any CPU
	EndGlobalSection
	GlobalSection(SolutionProperties) = preSolution
		HideSolutionNode = FALSE
	EndGlobalSection
	GlobalSection(ExtensibilityGlobals) = postSolution
		SolutionGuid = {EB52D1DB-8D48-47C1-85FD-22C4633A0BFE}
	EndGlobalSection
EndGlobal
